
Microsoft Visual Studio Solution File, Format Version 12.00
# Visual Studio 14
VisualStudioVersion = 14.0.25420.1
MinimumVisualStudioVersion = 10.0.40219.1
Project("{FAE04EC0-301F-11D3-BF4B-00C04F79EFBC}") = "API.Client", "API.Client\API.Client.csproj", "{37E35175-FA3A-4E77-87E6-B55B141A493F}"
EndProject
Project("{FAE04EC0-301F-11D3-BF4B-00C04F79EFBC}") = "DemoStart", "DemoStart\DemoStart.csproj", "{3F70A77A-9D27-493B-8D21-1FC9C4A12102}"
EndProject
Global
	GlobalSection(SolutionConfigurationPlatforms) = preSolution
		Debug|Any CPU = Debug|Any CPU
		Release|Any CPU = Release|Any CPU
	EndGlobalSection
	GlobalSection(ProjectConfigurationPlatforms) = postSolution
		{37E35175-FA3A-4E77-87E6-B55B141A493F}.Debug|Any CPU.ActiveCfg = Debug|Any CPU
		{37E35175-FA3A-4E77-87E6-B55B141A493F}.Debug|Any CPU.Build.0 = Debug|Any CPU
		{37E35175-FA3A-4E77-87E6-B55B141A493F}.Release|Any CPU.ActiveCfg = Release|Any CPU
		{37E35175-FA3A-4E77-87E6-B55B141A493F}.Release|Any CPU.Build.0 = Release|Any CPU
		{3F70A77A-9D27-493B-8D21-1FC9C4A12102}.Debug|Any CPU.ActiveCfg = Debug|Any CPU
		{3F70A77A-9D27-493B-8D21-1FC9C4A12102}.Debug|Any CPU.Build.0 = Debug|Any CPU
		{3F70A77A-9D27-493B-8D21-1FC9C4A12102}.Release|Any CPU.ActiveCfg = Release|Any CPU
		{3F70A77A-9D27-493B-8D21-1FC9C4A12102}.Release|Any CPU.Build.0 = Release|Any CPU
	EndGlobalSection
	GlobalSection(SolutionProperties) = preSolution
		HideSolutionNode = FALSE
	EndGlobalSection
EndGlobal
